
Microsoft Visual Studio Solution File, Format Version 12.00
# Visual Studio Version 16
VisualStudioVersion = 16.0.810.8
MinimumVisualStudioVersion = 10.0.40219.1
Project("{FAE04EC0-301F-11D3-BF4B-00C04F79EFBC}") = "FiddlingAroundWithCS", "FiddlingAroundWithCS\FiddlingAroundWithCS.csproj", "{1562686C-3DB6-4732-BCA7-E1A7FD3E1E4E}"
EndProject
Global
	GlobalSection(SolutionConfigurationPlatforms) = preSolution
		Debug|anycpu = Debug|anycpu
		Release|anycpu = Release|anycpu
	EndGlobalSection
	GlobalSection(ProjectConfigurationPlatforms) = postSolution
		{1562686C-3DB6-4732-BCA7-E1A7FD3E1E4E}.Debug|anycpu.ActiveCfg = Debug|anycpu
		{1562686C-3DB6-4732-BCA7-E1A7FD3E1E4E}.Debug|anycpu.Build.0 = Debug|anycpu
		{1562686C-3DB6-4732-BCA7-E1A7FD3E1E4E}.Release|anycpu.ActiveCfg = Release|anycpu
		{1562686C-3DB6-4732-BCA7-E1A7FD3E1E4E}.Release|anycpu.Build.0 = Release|anycpu
	EndGlobalSection
	GlobalSection(SolutionProperties) = preSolution
		HideSolutionNode = FALSE
	EndGlobalSection
	GlobalSection(ExtensibilityGlobals) = postSolution
		SolutionGuid = {990FF80A-CD36-4C2A-927E-604C1DF56D27}
	EndGlobalSection
EndGlobal
